
Microsoft Visual Studio Solution File, Format Version 12.00
# Visual Studio Version 17
VisualStudioVersion = 17.1.32228.430
MinimumVisualStudioVersion = 10.0.40219.1
Project("{FAE04EC0-301F-11D3-BF4B-00C04F79EFBC}") = "BlueLight.NoteItem", "BlueLight.NoteItem\BlueLight.NoteItem.csproj", "{D5A66498-0B5B-40AB-81A2-1E804EC39DB1}"
EndProject
Global
	GlobalSection(SolutionConfigurationPlatforms) = preSolution
		Debug|Any CPU = Debug|Any CPU
		Release|Any CPU = Release|Any CPU
	EndGlobalSection
	GlobalSection(ProjectConfigurationPlatforms) = postSolution
		{D5A66498-0B5B-40AB-81A2-1E804EC39DB1}.Debug|Any CPU.ActiveCfg = Debug|Any CPU
		{D5A66498-0B5B-40AB-81A2-1E804EC39DB1}.Debug|Any CPU.Build.0 = Debug|Any CPU
		{D5A66498-0B5B-40AB-81A2-1E804EC39DB1}.Release|Any CPU.ActiveCfg = Release|Any CPU
		{D5A66498-0B5B-40AB-81A2-1E804EC39DB1}.Release|Any CPU.Build.0 = Release|Any CPU
	EndGlobalSection
	GlobalSection(SolutionProperties) = preSolution
		HideSolutionNode = FALSE
	EndGlobalSection
	GlobalSection(ExtensibilityGlobals) = postSolution
		SolutionGuid = {D11B1D88-22B5-4B3A-9D9C-60840096608F}
	EndGlobalSection
EndGlobal
